# THIS IS AN AUTOGENERATED FILE. DO NOT EDIT THIS FILE DIRECTLY.
# yarn lockfile v1


midi-file@^1.2.4:
  version "1.2.4"
  resolved "https://registry.yarnpkg.com/midi-file/-/midi-file-1.2.4.tgz#e5803a8fc79cdd1692ac6ef6b1491043b397eb87"
  integrity sha512-B5SnBC6i2bwJIXTY9MElIydJwAmnKx+r5eJ1jknTLetzLflEl0GWveuBB6ACrQpecSRkOB6fhTx1PwXk2BVxnA==
